# generated by rye
# use `rye lock` or `rye sync` to update this lockfile
#
# last locked with the following flags:
#   pre: false
#   features: []
#   all-features: false
#   with-sources: false

-e file:.
accelerate==0.29.1
    # via transformer-lens
aiohttp==3.9.3
    # via datasets
    # via fsspec
aiosignal==1.3.1
    # via aiohttp
appdirs==1.4.4
    # via wandb
appnope==0.1.4
    # via ipykernel
asttokens==2.4.1
    # via stack-data
attrs==23.2.0
    # via aiohttp
    # via hypothesis
beartype==0.14.1
    # via transformer-lens
better-abc==0.0.3
    # via transformer-lens
certifi==2024.2.2
    # via requests
    # via sentry-sdk
charset-normalizer==3.3.2
    # via requests
circuitsvis==1.43.2
    # via nanda-mech-interp
click==8.1.7
    # via wandb
comm==0.2.2
    # via ipykernel
datasets==2.18.0
    # via nanda-mech-interp
    # via transformer-lens
debugpy==1.8.1
    # via ipykernel
decorator==5.1.1
    # via ipython
dill==0.3.8
    # via datasets
    # via multiprocess
docker-pycreds==0.4.0
    # via wandb
einops==0.7.0
    # via nanda-mech-interp
    # via transformer-lens
executing==2.0.1
    # via stack-data
fancy-einsum==0.0.3
    # via nanda-mech-interp
    # via transformer-lens
filelock==3.13.3
    # via datasets
    # via huggingface-hub
    # via torch
    # via transformers
frozenlist==1.4.1
    # via aiohttp
    # via aiosignal
fsspec==2024.2.0
    # via datasets
    # via huggingface-hub
    # via torch
gitdb==4.0.11
    # via gitpython
gitpython==3.1.43
    # via wandb
huggingface==0.0.1
    # via nanda-mech-interp
huggingface-hub==0.22.2
    # via accelerate
    # via datasets
    # via nanda-mech-interp
    # via tokenizers
    # via transformers
hypothesis==6.100.1
    # via nanda-mech-interp
idna==3.6
    # via requests
    # via yarl
importlib-metadata==7.1.0
    # via circuitsvis
iniconfig==2.0.0
    # via pytest
ipykernel==6.29.4
    # via nanda-mech-interp
ipython==8.23.0
    # via ipykernel
    # via nanda-mech-interp
jaxtyping==0.2.28
    # via nanda-mech-interp
    # via transformer-lens
jedi==0.19.1
    # via ipython
jinja2==3.1.3
    # via torch
jupyter-client==8.6.1
    # via ipykernel
jupyter-core==5.7.2
    # via ipykernel
    # via jupyter-client
markdown-it-py==3.0.0
    # via rich
markupsafe==2.1.5
    # via jinja2
matplotlib-inline==0.1.6
    # via ipykernel
    # via ipython
mdurl==0.1.2
    # via markdown-it-py
mpmath==1.3.0
    # via sympy
multidict==6.0.5
    # via aiohttp
    # via yarl
multiprocess==0.70.16
    # via datasets
nest-asyncio==1.6.0
    # via ipykernel
networkx==3.3
    # via torch
numpy==1.26.4
    # via accelerate
    # via circuitsvis
    # via datasets
    # via jaxtyping
    # via nanda-mech-interp
    # via pandas
    # via pyarrow
    # via transformer-lens
    # via transformers
packaging==24.0
    # via accelerate
    # via datasets
    # via huggingface-hub
    # via ipykernel
    # via plotly
    # via pytest
    # via transformers
pandas==2.2.1
    # via datasets
    # via transformer-lens
parso==0.8.4
    # via jedi
pexpect==4.9.0
    # via ipython
pip==24.0
    # via nanda-mech-interp
platformdirs==4.2.0
    # via jupyter-core
plotly==5.20.0
    # via nanda-mech-interp
pluggy==1.4.0
    # via pytest
prompt-toolkit==3.0.43
    # via ipython
protobuf==4.25.3
    # via wandb
psutil==5.9.8
    # via accelerate
    # via ipykernel
    # via wandb
ptyprocess==0.7.0
    # via pexpect
pure-eval==0.2.2
    # via stack-data
pyarrow==15.0.2
    # via datasets
pyarrow-hotfix==0.6
    # via datasets
pygments==2.17.2
    # via ipython
    # via rich
pytest==8.1.1
    # via nanda-mech-interp
python-dateutil==2.9.0.post0
    # via jupyter-client
    # via pandas
pytz==2024.1
    # via pandas
pyyaml==6.0.1
    # via accelerate
    # via datasets
    # via huggingface-hub
    # via transformers
    # via wandb
pyzmq==25.1.2
    # via ipykernel
    # via jupyter-client
regex==2023.12.25
    # via transformers
requests==2.31.0
    # via datasets
    # via huggingface-hub
    # via transformers
    # via wandb
rich==13.7.1
    # via nanda-mech-interp
    # via transformer-lens
safetensors==0.4.2
    # via accelerate
    # via transformers
sentry-sdk==1.44.1
    # via wandb
setproctitle==1.3.3
    # via wandb
setuptools==69.2.0
    # via wandb
six==1.16.0
    # via asttokens
    # via docker-pycreds
    # via python-dateutil
smmap==5.0.1
    # via gitdb
sortedcontainers==2.4.0
    # via hypothesis
stack-data==0.6.3
    # via ipython
sympy==1.12
    # via torch
tenacity==8.2.3
    # via plotly
tokenizers==0.15.2
    # via transformers
torch==2.2.2
    # via accelerate
    # via circuitsvis
    # via nanda-mech-interp
    # via transformer-lens
tornado==6.4
    # via ipykernel
    # via jupyter-client
tqdm==4.66.2
    # via datasets
    # via huggingface-hub
    # via nanda-mech-interp
    # via transformer-lens
    # via transformers
traitlets==5.14.2
    # via comm
    # via ipykernel
    # via ipython
    # via jupyter-client
    # via jupyter-core
    # via matplotlib-inline
transformer-lens==1.15.0
    # via nanda-mech-interp
transformers==4.39.3
    # via transformer-lens
typeguard==2.13.3
    # via jaxtyping
typing-extensions==4.11.0
    # via huggingface-hub
    # via torch
    # via transformer-lens
tzdata==2024.1
    # via pandas
urllib3==2.2.1
    # via requests
    # via sentry-sdk
wandb==0.16.6
    # via transformer-lens
wcwidth==0.2.13
    # via prompt-toolkit
xxhash==3.4.1
    # via datasets
yarl==1.9.4
    # via aiohttp
zipp==3.18.1
    # via importlib-metadata
